
Microsoft Visual Studio Solution File, Format Version 12.00
# Visual Studio Version 17
VisualStudioVersion = 17.1.32228.430
MinimumVisualStudioVersion = 10.0.40219.1
Project("{FAE04EC0-301F-11D3-BF4B-00C04F79EFBC}") = "ConsoleApp1", "ConsoleApp1\ConsoleApp1.csproj", "{4ADB7A47-0019-4A47-B495-B35250AC422C}"
EndProject
Global
	GlobalSection(SolutionConfigurationPlatforms) = preSolution
		Debug|Any CPU = Debug|Any CPU
		Release|Any CPU = Release|Any CPU
	EndGlobalSection
	GlobalSection(ProjectConfigurationPlatforms) = postSolution
		{4ADB7A47-0019-4A47-B495-B35250AC422C}.Debug|Any CPU.ActiveCfg = Debug|Any CPU
		{4ADB7A47-0019-4A47-B495-B35250AC422C}.Debug|Any CPU.Build.0 = Debug|Any CPU
		{4ADB7A47-0019-4A47-B495-B35250AC422C}.Release|Any CPU.ActiveCfg = Release|Any CPU
		{4ADB7A47-0019-4A47-B495-B35250AC422C}.Release|Any CPU.Build.0 = Release|Any CPU
	EndGlobalSection
	GlobalSection(SolutionProperties) = preSolution
		HideSolutionNode = FALSE
	EndGlobalSection
	GlobalSection(ExtensibilityGlobals) = postSolution
		SolutionGuid = {27B4E0E7-31CD-4841-9ACC-E6148DEDFA99}
	EndGlobalSection
EndGlobal
